
Microsoft Visual Studio Solution File, Format Version 12.00
# Visual Studio Version 17
VisualStudioVersion = 17.3.32804.467
MinimumVisualStudioVersion = 10.0.40219.1
Project("{FAE04EC0-301F-11D3-BF4B-00C04F79EFBC}") = "FindMaxConsecutiveOnes", "FindMaxConsecutiveOnes\FindMaxConsecutiveOnes.csproj", "{0BF50E6A-CFBE-4307-88D9-0860AA20E368}"
EndProject
Global
	GlobalSection(SolutionConfigurationPlatforms) = preSolution
		Debug|Any CPU = Debug|Any CPU
		Release|Any CPU = Release|Any CPU
	EndGlobalSection
	GlobalSection(ProjectConfigurationPlatforms) = postSolution
		{0BF50E6A-CFBE-4307-88D9-0860AA20E368}.Debug|Any CPU.ActiveCfg = Debug|Any CPU
		{0BF50E6A-CFBE-4307-88D9-0860AA20E368}.Debug|Any CPU.Build.0 = Debug|Any CPU
		{0BF50E6A-CFBE-4307-88D9-0860AA20E368}.Release|Any CPU.ActiveCfg = Release|Any CPU
		{0BF50E6A-CFBE-4307-88D9-0860AA20E368}.Release|Any CPU.Build.0 = Release|Any CPU
	EndGlobalSection
	GlobalSection(SolutionProperties) = preSolution
		HideSolutionNode = FALSE
	EndGlobalSection
	GlobalSection(ExtensibilityGlobals) = postSolution
		SolutionGuid = {A8FB8070-C2C9-4CA2-9AAB-4705ADF4DCCE}
	EndGlobalSection
EndGlobal
